# @generated by Move, please check-in and do not edit manually.

[move]
version = 2
manifest_digest = "26B83098B9AF197A5FD8B39622BFEF9A9529EA1D7719F69F25D3053E01636982"
deps_digest = "F8BBB0CCB2491CA29A3DF03D6F92277A4F3574266507ACD77214D37ECA3F3082"
dependencies = [
  { name = "Sui" },
]

[[move.package]]
name = "MoveStdlib"
source = { git = "https://github.com/MystenLabs/sui.git", rev = "framework/testnet", subdir = "crates/sui-framework/packages/move-stdlib" }

[[move.package]]
name = "Sui"
source = { git = "https://github.com/MystenLabs/sui.git", rev = "framework/testnet", subdir = "crates/sui-framework/packages/sui-framework" }

dependencies = [
  { name = "MoveStdlib" },
]

[move.toolchain-version]
compiler-version = "1.25.0"
edition = "2024.beta"
flavor = "sui"

[env]

[env.devnet]
chain-id = "a96e98d2"
original-published-id = "0x954ba6f1db355bd992dff2f9fbdf5c57eda5b0ae2e0d04ecf67109f1a7bac1e4"
latest-published-id = "0x954ba6f1db355bd992dff2f9fbdf5c57eda5b0ae2e0d04ecf67109f1a7bac1e4"
published-version = "1"
